
Microsoft Visual Studio Solution File, Format Version 12.00
# Visual Studio Version 16
VisualStudioVersion = 25.0.1706.9
MinimumVisualStudioVersion = 10.0.40219.1
Project("{FAE04EC0-301F-11D3-BF4B-00C04F79EFBC}") = "CardGame", "CardGame\CardGame.csproj", "{CD32E79A-AE2F-40DA-8C8F-0F5CCAD52C70}"
EndProject
Project("{FAE04EC0-301F-11D3-BF4B-00C04F79EFBC}") = "TestCardGame", "TestCardGame\TestCardGame.csproj", "{8970207A-7DE8-435A-A8D8-40085B97AB8C}"
EndProject
Global
	GlobalSection(SolutionConfigurationPlatforms) = preSolution
		Debug|Any CPU = Debug|Any CPU
		Release|Any CPU = Release|Any CPU
	EndGlobalSection
	GlobalSection(ProjectConfigurationPlatforms) = postSolution
		{CD32E79A-AE2F-40DA-8C8F-0F5CCAD52C70}.Debug|Any CPU.ActiveCfg = Debug|Any CPU
		{CD32E79A-AE2F-40DA-8C8F-0F5CCAD52C70}.Debug|Any CPU.Build.0 = Debug|Any CPU
		{CD32E79A-AE2F-40DA-8C8F-0F5CCAD52C70}.Release|Any CPU.ActiveCfg = Release|Any CPU
		{CD32E79A-AE2F-40DA-8C8F-0F5CCAD52C70}.Release|Any CPU.Build.0 = Release|Any CPU
		{8970207A-7DE8-435A-A8D8-40085B97AB8C}.Debug|Any CPU.ActiveCfg = Debug|Any CPU
		{8970207A-7DE8-435A-A8D8-40085B97AB8C}.Debug|Any CPU.Build.0 = Debug|Any CPU
		{8970207A-7DE8-435A-A8D8-40085B97AB8C}.Release|Any CPU.ActiveCfg = Release|Any CPU
		{8970207A-7DE8-435A-A8D8-40085B97AB8C}.Release|Any CPU.Build.0 = Release|Any CPU
	EndGlobalSection
	GlobalSection(SolutionProperties) = preSolution
		HideSolutionNode = FALSE
	EndGlobalSection
	GlobalSection(ExtensibilityGlobals) = postSolution
		SolutionGuid = {0269E47C-CA18-4EE5-B0A6-40AF5136F965}
	EndGlobalSection
EndGlobal
